
Microsoft Visual Studio Solution File, Format Version 12.00
# Visual Studio Version 16
VisualStudioVersion = 16.0.31729.503
MinimumVisualStudioVersion = 10.0.40219.1
Project("{FAE04EC0-301F-11D3-BF4B-00C04F79EFBC}") = "ArrayDeterminant", "ArrayDeterminant.csproj", "{EBB8F2A0-C57D-4785-BCC1-72077879CFA1}"
EndProject
Global
	GlobalSection(SolutionConfigurationPlatforms) = preSolution
		Debug|Any CPU = Debug|Any CPU
		Release|Any CPU = Release|Any CPU
	EndGlobalSection
	GlobalSection(ProjectConfigurationPlatforms) = postSolution
		{EBB8F2A0-C57D-4785-BCC1-72077879CFA1}.Debug|Any CPU.ActiveCfg = Debug|Any CPU
		{EBB8F2A0-C57D-4785-BCC1-72077879CFA1}.Debug|Any CPU.Build.0 = Debug|Any CPU
		{EBB8F2A0-C57D-4785-BCC1-72077879CFA1}.Release|Any CPU.ActiveCfg = Release|Any CPU
		{EBB8F2A0-C57D-4785-BCC1-72077879CFA1}.Release|Any CPU.Build.0 = Release|Any CPU
	EndGlobalSection
	GlobalSection(SolutionProperties) = preSolution
		HideSolutionNode = FALSE
	EndGlobalSection
	GlobalSection(ExtensibilityGlobals) = postSolution
		SolutionGuid = {3647972F-3567-47FA-B50F-6627ED3DF1CE}
	EndGlobalSection
EndGlobal
